
Microsoft Visual Studio Solution File, Format Version 12.00
Project("{FAE04EC0-301F-11D3-BF4B-00C04F79EFBC}") = "HabitTracker.Api", "HabitTracker.Api\HabitTracker.Api.csproj", "{33949DAA-9852-477D-AFDD-2E6F81B89274}"
EndProject
Global
	GlobalSection(SolutionConfigurationPlatforms) = preSolution
		Debug|Any CPU = Debug|Any CPU
		Release|Any CPU = Release|Any CPU
	EndGlobalSection
	GlobalSection(ProjectConfigurationPlatforms) = postSolution
		{33949DAA-9852-477D-AFDD-2E6F81B89274}.Debug|Any CPU.ActiveCfg = Debug|Any CPU
		{33949DAA-9852-477D-AFDD-2E6F81B89274}.Debug|Any CPU.Build.0 = Debug|Any CPU
		{33949DAA-9852-477D-AFDD-2E6F81B89274}.Release|Any CPU.ActiveCfg = Release|Any CPU
		{33949DAA-9852-477D-AFDD-2E6F81B89274}.Release|Any CPU.Build.0 = Release|Any CPU
	EndGlobalSection
EndGlobal
